
Microsoft Visual Studio Solution File, Format Version 12.00
# Visual Studio Version 17
VisualStudioVersion = 17.0.31903.59
MinimumVisualStudioVersion = 10.0.40219.1
Project("{2150E333-8FDC-42A3-9474-1A3956D46DE8}") = "src", "src", "{827E0CD3-B72D-47B6-A68D-7590B98EB39B}"
EndProject
Project("{FAE04EC0-301F-11D3-BF4B-00C04F79EFBC}") = "Orbital", "src\Orbital\Orbital.csproj", "{3B8A28F9-717A-4DEA-B908-99FDBBCCFDB6}"
EndProject
Project("{FAE04EC0-301F-11D3-BF4B-00C04F79EFBC}") = "Orbital.Extensions.DependencyInjection", "src\Orbital.Extensions.DependencyInjection\Orbital.Extensions.DependencyInjection.csproj", "{4B15EC6C-FD93-44AA-B576-97A0FF06B786}"
EndProject
Project("{2150E333-8FDC-42A3-9474-1A3956D46DE8}") = "tests", "tests", "{0AB3BF05-4346-4AA6-1389-037BE0695223}"
EndProject
Project("{FAE04EC0-301F-11D3-BF4B-00C04F79EFBC}") = "Orbital.Tests", "tests\Orbital.Tests\Orbital.Tests.csproj", "{79ED6BC0-D381-45A9-BFA5-6CB78C3A007A}"
EndProject
Project("{2150E333-8FDC-42A3-9474-1A3956D46DE8}") = "samples", "samples", "{5D20AA90-6969-D8BD-9DCD-8634F4692FDA}"
EndProject
Project("{FAE04EC0-301F-11D3-BF4B-00C04F79EFBC}") = "Orbital.Sample.WebApi", "samples\Orbital.Sample.WebApi\Orbital.Sample.WebApi.csproj", "{F20CC1B4-0191-4E14-9DC9-38A4EC02F87B}"
EndProject
Project("{2150E333-8FDC-42A3-9474-1A3956D46DE8}") = "benchmarks", "benchmarks", "{02EA681E-C7D8-13C7-8484-4AC65E1B71E8}"
EndProject
Project("{FAE04EC0-301F-11D3-BF4B-00C04F79EFBC}") = "Orbital.Benchmarks", "benchmarks\Orbital.Benchmarks\Orbital.Benchmarks.csproj", "{21901C51-BEA1-BE9C-055E-D6ABC2618BD6}"
EndProject
Global
	GlobalSection(SolutionConfigurationPlatforms) = preSolution
		Debug|Any CPU = Debug|Any CPU
		Debug|x64 = Debug|x64
		Debug|x86 = Debug|x86
		Release|Any CPU = Release|Any CPU
		Release|x64 = Release|x64
		Release|x86 = Release|x86
	EndGlobalSection
	GlobalSection(ProjectConfigurationPlatforms) = postSolution
		{3B8A28F9-717A-4DEA-B908-99FDBBCCFDB6}.Debug|Any CPU.ActiveCfg = Debug|Any CPU
		{3B8A28F9-717A-4DEA-B908-99FDBBCCFDB6}.Debug|Any CPU.Build.0 = Debug|Any CPU
		{3B8A28F9-717A-4DEA-B908-99FDBBCCFDB6}.Debug|x64.ActiveCfg = Debug|Any CPU
		{3B8A28F9-717A-4DEA-B908-99FDBBCCFDB6}.Debug|x64.Build.0 = Debug|Any CPU
		{3B8A28F9-717A-4DEA-B908-99FDBBCCFDB6}.Debug|x86.ActiveCfg = Debug|Any CPU
		{3B8A28F9-717A-4DEA-B908-99FDBBCCFDB6}.Debug|x86.Build.0 = Debug|Any CPU
		{3B8A28F9-717A-4DEA-B908-99FDBBCCFDB6}.Release|Any CPU.ActiveCfg = Release|Any CPU
		{3B8A28F9-717A-4DEA-B908-99FDBBCCFDB6}.Release|Any CPU.Build.0 = Release|Any CPU
		{3B8A28F9-717A-4DEA-B908-99FDBBCCFDB6}.Release|x64.ActiveCfg = Release|Any CPU
		{3B8A28F9-717A-4DEA-B908-99FDBBCCFDB6}.Release|x64.Build.0 = Release|Any CPU
		{3B8A28F9-717A-4DEA-B908-99FDBBCCFDB6}.Release|x86.ActiveCfg = Release|Any CPU
		{3B8A28F9-717A-4DEA-B908-99FDBBCCFDB6}.Release|x86.Build.0 = Release|Any CPU
		{4B15EC6C-FD93-44AA-B576-97A0FF06B786}.Debug|Any CPU.ActiveCfg = Debug|Any CPU
		{4B15EC6C-FD93-44AA-B576-97A0FF06B786}.Debug|Any CPU.Build.0 = Debug|Any CPU
		{4B15EC6C-FD93-44AA-B576-97A0FF06B786}.Debug|x64.ActiveCfg = Debug|Any CPU
		{4B15EC6C-FD93-44AA-B576-97A0FF06B786}.Debug|x64.Build.0 = Debug|Any CPU
		{4B15EC6C-FD93-44AA-B576-97A0FF06B786}.Debug|x86.ActiveCfg = Debug|Any CPU
		{4B15EC6C-FD93-44AA-B576-97A0FF06B786}.Debug|x86.Build.0 = Debug|Any CPU
		{4B15EC6C-FD93-44AA-B576-97A0FF06B786}.Release|Any CPU.ActiveCfg = Release|Any CPU
		{4B15EC6C-FD93-44AA-B576-97A0FF06B786}.Release|Any CPU.Build.0 = Release|Any CPU
		{4B15EC6C-FD93-44AA-B576-97A0FF06B786}.Release|x64.ActiveCfg = Release|Any CPU
		{4B15EC6C-FD93-44AA-B576-97A0FF06B786}.Release|x64.Build.0 = Release|Any CPU
		{4B15EC6C-FD93-44AA-B576-97A0FF06B786}.Release|x86.ActiveCfg = Release|Any CPU
		{4B15EC6C-FD93-44AA-B576-97A0FF06B786}.Release|x86.Build.0 = Release|Any CPU
		{79ED6BC0-D381-45A9-BFA5-6CB78C3A007A}.Debug|Any CPU.ActiveCfg = Debug|Any CPU
		{79ED6BC0-D381-45A9-BFA5-6CB78C3A007A}.Debug|Any CPU.Build.0 = Debug|Any CPU
		{79ED6BC0-D381-45A9-BFA5-6CB78C3A007A}.Debug|x64.ActiveCfg = Debug|Any CPU
		{79ED6BC0-D381-45A9-BFA5-6CB78C3A007A}.Debug|x64.Build.0 = Debug|Any CPU
		{79ED6BC0-D381-45A9-BFA5-6CB78C3A007A}.Debug|x86.ActiveCfg = Debug|Any CPU
		{79ED6BC0-D381-45A9-BFA5-6CB78C3A007A}.Debug|x86.Build.0 = Debug|Any CPU
		{79ED6BC0-D381-45A9-BFA5-6CB78C3A007A}.Release|Any CPU.ActiveCfg = Release|Any CPU
		{79ED6BC0-D381-45A9-BFA5-6CB78C3A007A}.Release|Any CPU.Build.0 = Release|Any CPU
		{79ED6BC0-D381-45A9-BFA5-6CB78C3A007A}.Release|x64.ActiveCfg = Release|Any CPU
		{79ED6BC0-D381-45A9-BFA5-6CB78C3A007A}.Release|x64.Build.0 = Release|Any CPU
		{79ED6BC0-D381-45A9-BFA5-6CB78C3A007A}.Release|x86.ActiveCfg = Release|Any CPU
		{79ED6BC0-D381-45A9-BFA5-6CB78C3A007A}.Release|x86.Build.0 = Release|Any CPU
		{F20CC1B4-0191-4E14-9DC9-38A4EC02F87B}.Debug|Any CPU.ActiveCfg = Debug|Any CPU
		{F20CC1B4-0191-4E14-9DC9-38A4EC02F87B}.Debug|Any CPU.Build.0 = Debug|Any CPU
		{F20CC1B4-0191-4E14-9DC9-38A4EC02F87B}.Debug|x64.ActiveCfg = Debug|Any CPU
		{F20CC1B4-0191-4E14-9DC9-38A4EC02F87B}.Debug|x64.Build.0 = Debug|Any CPU
		{F20CC1B4-0191-4E14-9DC9-38A4EC02F87B}.Debug|x86.ActiveCfg = Debug|Any CPU
		{F20CC1B4-0191-4E14-9DC9-38A4EC02F87B}.Debug|x86.Build.0 = Debug|Any CPU
		{F20CC1B4-0191-4E14-9DC9-38A4EC02F87B}.Release|Any CPU.ActiveCfg = Release|Any CPU
		{F20CC1B4-0191-4E14-9DC9-38A4EC02F87B}.Release|Any CPU.Build.0 = Release|Any CPU
		{F20CC1B4-0191-4E14-9DC9-38A4EC02F87B}.Release|x64.ActiveCfg = Release|Any CPU
		{F20CC1B4-0191-4E14-9DC9-38A4EC02F87B}.Release|x64.Build.0 = Release|Any CPU
		{F20CC1B4-0191-4E14-9DC9-38A4EC02F87B}.Release|x86.ActiveCfg = Release|Any CPU
		{F20CC1B4-0191-4E14-9DC9-38A4EC02F87B}.Release|x86.Build.0 = Release|Any CPU
		{21901C51-BEA1-BE9C-055E-D6ABC2618BD6}.Debug|Any CPU.ActiveCfg = Debug|Any CPU
		{21901C51-BEA1-BE9C-055E-D6ABC2618BD6}.Debug|Any CPU.Build.0 = Debug|Any CPU
		{21901C51-BEA1-BE9C-055E-D6ABC2618BD6}.Debug|x64.ActiveCfg = Debug|Any CPU
		{21901C51-BEA1-BE9C-055E-D6ABC2618BD6}.Debug|x64.Build.0 = Debug|Any CPU
		{21901C51-BEA1-BE9C-055E-D6ABC2618BD6}.Debug|x86.ActiveCfg = Debug|Any CPU
		{21901C51-BEA1-BE9C-055E-D6ABC2618BD6}.Debug|x86.Build.0 = Debug|Any CPU
		{21901C51-BEA1-BE9C-055E-D6ABC2618BD6}.Release|Any CPU.ActiveCfg = Release|Any CPU
		{21901C51-BEA1-BE9C-055E-D6ABC2618BD6}.Release|Any CPU.Build.0 = Release|Any CPU
		{21901C51-BEA1-BE9C-055E-D6ABC2618BD6}.Release|x64.ActiveCfg = Release|Any CPU
		{21901C51-BEA1-BE9C-055E-D6ABC2618BD6}.Release|x64.Build.0 = Release|Any CPU
		{21901C51-BEA1-BE9C-055E-D6ABC2618BD6}.Release|x86.ActiveCfg = Release|Any CPU
		{21901C51-BEA1-BE9C-055E-D6ABC2618BD6}.Release|x86.Build.0 = Release|Any CPU
	EndGlobalSection
	GlobalSection(SolutionProperties) = preSolution
		HideSolutionNode = FALSE
	EndGlobalSection
	GlobalSection(NestedProjects) = preSolution
		{3B8A28F9-717A-4DEA-B908-99FDBBCCFDB6} = {827E0CD3-B72D-47B6-A68D-7590B98EB39B}
		{4B15EC6C-FD93-44AA-B576-97A0FF06B786} = {827E0CD3-B72D-47B6-A68D-7590B98EB39B}
		{79ED6BC0-D381-45A9-BFA5-6CB78C3A007A} = {0AB3BF05-4346-4AA6-1389-037BE0695223}
		{F20CC1B4-0191-4E14-9DC9-38A4EC02F87B} = {5D20AA90-6969-D8BD-9DCD-8634F4692FDA}
		{21901C51-BEA1-BE9C-055E-D6ABC2618BD6} = {02EA681E-C7D8-13C7-8484-4AC65E1B71E8}
	EndGlobalSection
	GlobalSection(ExtensibilityGlobals) = postSolution
		SolutionGuid = {D2927BDF-7E99-4E46-BD72-AF47F3FB7A53}
	EndGlobalSection
EndGlobal
